{
    "_readme": [
        "This file locks the dependencies of your project to a known state",
        "Read more about it at https://getcomposer.org/doc/01-basic-usage.md#composer-lock-the-lock-file",
        "This file is @generated automatically"
    ],
    "hash": "a65b854df8a0c9f8a2e31ac48c7f4f04",
    "packages": [
        {
            "name": "itbz/fpdf",
            "version": "1.7.2",
            "source": {
                "type": "git",
                "url": "https://github.com/hanneskod/fpdf.git",
                "reference": "06d02a7bf227a62d37691a4e7e9c3a35efcb41c3"
            },
            "dist": {
                "type": "zip",
                "url": "https://api.github.com/repos/hanneskod/fpdf/zipball/06d02a7bf227a62d37691a4e7e9c3a35efcb41c3",
                "reference": "06d02a7bf227a62d37691a4e7e9c3a35efcb41c3",
                "shasum": ""
            },
            "require": {
                "php": ">=5.3.0"
            },
            "type": "library",
            "autoload": {
                "psr-0": {
                    "fpdf": "src/"
                }
            },
            "notification-url": "https://packagist.org/downloads/",
            "license": [
                "no usage restriction"
            ],
            "description": "Unofficial PSR-0 compliant version of the FPDF library",
            "homepage": "http://www.fpdf.org/",
            "time": "2013-12-27 14:18:15"
        },
        {
            "name": "mpdf/mpdf",
            "version": "v5.7.4",
            "source": {
                "type": "git",
                "url": "https://github.com/mpdf/mpdf.git",
                "reference": "f9a374c7ea975ce8c795cec4dfd17ef55addac9c"
            },
            "dist": {
                "type": "zip",
                "url": "https://api.github.com/repos/mpdf/mpdf/zipball/f9a374c7ea975ce8c795cec4dfd17ef55addac9c",
                "reference": "f9a374c7ea975ce8c795cec4dfd17ef55addac9c",
                "shasum": ""
            },
            "require": {
                "ext-mbstring": "*",
                "php": ">=4.3.10"
            },
            "type": "library",
            "autoload": {
                "classmap": [
                    "mpdf.php",
                    "classes"
                ]
            },
            "notification-url": "https://packagist.org/downloads/",
            "license": [
                "GPL-1.0+"
            ],
            "authors": [
                {
                    "name": "Ian Back"
                }
            ],
            "description": "A PHP class to generate PDF files from HTML with Unicode/UTF-8 and CJK support",
            "homepage": "http://www.mpdf1.com/mpdf/index.php",
            "keywords": [
                "pdf",
                "php",
                "utf-8"
            ],
            "time": "2014-12-14 18:32:11"
        },
        {
            "name": "picqer/php-barcode-generator",
            "version": "v0.1",
            "source": {
                "type": "git",
                "url": "https://github.com/picqer/php-barcode-generator.git",
                "reference": "bd486cfb311989a506c62827fdee463b8a698002"
            },
            "dist": {
                "type": "zip",
                "url": "https://api.github.com/repos/picqer/php-barcode-generator/zipball/bd486cfb311989a506c62827fdee463b8a698002",
                "reference": "bd486cfb311989a506c62827fdee463b8a698002",
                "shasum": ""
            },
            "require": {
                "php": ">=5.4.0"
            },
            "type": "library",
            "autoload": {
                "psr-4": {
                    "Picqer\\Barcode\\": "src"
                }
            },
            "notification-url": "https://packagist.org/downloads/",
            "license": [
                "MIT"
            ],
            "authors": [
                {
                    "name": "Casper Bakker",
                    "email": "info@picqer.com"
                }
            ],
            "description": "An easy to use, non-bloated, barcode generator in PHP. Creates SVG, PNG, JPG and HTML images from the most used 1D barcode standards.",
            "homepage": "http://github.com/picqer/exact-php-client",
            "keywords": [
                "CODABAR",
                "Code11",
                "Code93",
                "EAN13",
                "KIX",
                "KIXCODE",
                "MSI",
                "POSTNET",
                "Pharma",
                "Standard 2 of 5",
                "barcode",
                "barcode generator",
                "code128",
                "code39",
                "ean",
                "html",
                "jpeg",
                "jpg",
                "php",
                "png",
                "svg",
                "upc"
            ],
            "time": "2015-08-13 07:59:44"
        },
        {
            "name": "twig/twig",
            "version": "v1.21.0",
            "source": {
                "type": "git",
                "url": "https://github.com/twigphp/Twig.git",
                "reference": "913d282caca9ee0e8d05940c6caa486d58810dd4"
            },
            "dist": {
                "type": "zip",
                "url": "https://api.github.com/repos/twigphp/Twig/zipball/913d282caca9ee0e8d05940c6caa486d58810dd4",
                "reference": "913d282caca9ee0e8d05940c6caa486d58810dd4",
                "shasum": ""
            },
            "require": {
                "php": ">=5.2.7"
            },
            "require-dev": {
                "symfony/debug": "~2.7",
                "symfony/phpunit-bridge": "~2.7"
            },
            "type": "library",
            "extra": {
                "branch-alias": {
                    "dev-master": "1.21-dev"
                }
            },
            "autoload": {
                "psr-0": {
                    "Twig_": "lib/"
                }
            },
            "notification-url": "https://packagist.org/downloads/",
            "license": [
                "BSD-3-Clause"
            ],
            "authors": [
                {
                    "name": "Fabien Potencier",
                    "email": "fabien@symfony.com",
                    "homepage": "http://fabien.potencier.org",
                    "role": "Lead Developer"
                },
                {
                    "name": "Armin Ronacher",
                    "email": "armin.ronacher@active-4.com",
                    "role": "Project Founder"
                },
                {
                    "name": "Twig Team",
                    "homepage": "http://twig.sensiolabs.org/contributors",
                    "role": "Contributors"
                }
            ],
            "description": "Twig, the flexible, fast, and secure template language for PHP",
            "homepage": "http://twig.sensiolabs.org",
            "keywords": [
                "templating"
            ],
            "time": "2015-08-24 09:51:18"
        }
    ],
    "packages-dev": [],
    "aliases": [],
    "minimum-stability": "stable",
    "stability-flags": [],
    "prefer-stable": false,
    "prefer-lowest": false,
    "platform": {
        "php": ">=5.3.3"
    },
    "platform-dev": []
}
